// !$*UTF8*$!
{
	archiveVersion = 1;
	classes = {
	};
	objectVersion = 46;
	objects = {

/* Begin PBXBuildFile section */
		4341743519339081000AF3F4 /* netcheck.cpp in Sources */ = {isa = PBXBuildFile; fileRef = 4341743419339081000AF3F4 /* netcheck.cpp */; };
		43EDE720192FD6E000E0069E /* Sort_and_BS.1 in CopyFiles */ = {isa = PBXBuildFile; fileRef = 43EDE71F192FD6E000E0069E /* Sort_and_BS.1 */; };
/* End PBXBuildFile section */

/* Begin PBXCopyFilesBuildPhase section */
		43EDE717192FD6DF00E0069E /* CopyFiles */ = {
			isa = PBXCopyFilesBuildPhase;
			buildActionMask = 2147483647;
			dstPath = /usr/share/man/man1/;
			dstSubfolderSpec = 0;
			files = (
				43EDE720192FD6E000E0069E /* Sort_and_BS.1 in CopyFiles */,
			);
			runOnlyForDeploymentPostprocessing = 1;
		};
/* End PBXCopyFilesBuildPhase section */

/* Begin PBXFileReference section */
		4341743419339081000AF3F4 /* netcheck.cpp */ = {isa = PBXFileReference; fileEncoding = 4; lastKnownFileType = sourcecode.cpp.cpp; path = netcheck.cpp; sourceTree = "<group>"; };
		43EDE719192FD6E000E0069E /* Sort_and_BS */ = {isa = PBXFileReference; explicitFileType = "compiled.mach-o.executable"; includeInIndex = 0; path = Sort_and_BS; sourceTree = BUILT_PRODUCTS_DIR; };
		43EDE71F192FD6E000E0069E /* Sort_and_BS.1 */ = {isa = PBXFileReference; lastKnownFileType = text.man; path = Sort_and_BS.1; sourceTree = "<group>"; };
/* End PBXFileReference section */

/* Begin PBXFrameworksBuildPhase section */
		43EDE716192FD6DF00E0069E /* Frameworks */ = {
			isa = PBXFrameworksBuildPhase;
			buildActionMask = 2147483647;
			files = (
			);
			runOnlyForDeploymentPostprocessing = 0;
		};
/* End PBXFrameworksBuildPhase section */

/* Begin PBXGroup section */
		43EDE70E192FD6DF00E0069E = {
			isa = PBXGroup;
			children = (
				43EDE71C192FD6E000E0069E /* Sort_and_BS */,
				43EDE71A192FD6E000E0069E /* Products */,
			);
			sourceTree = "<group>";
		};
		43EDE71A192FD6E000E0069E /* Products */ = {
			isa = PBXGroup;
			children = (
				43EDE719192FD6E000E0069E /* Sort_and_BS */,
			);
			name = Products;
			sourceTree = "<group>";
		};
		43EDE71C192FD6E000E0069E /* Sort_and_BS */ = {
			isa = PBXGroup;
			children = (
				4341743419339081000AF3F4 /* netcheck.cpp */,
				43EDE71F192FD6E000E0069E /* Sort_and_BS.1 */,
			);
			path = Sort_and_BS;
			sourceTree = "<group>";
		};
/* End PBXGroup section */

/* Begin PBXNativeTarget section */
		43EDE718192FD6DF00E0069E /* Sort_and_BS */ = {
			isa = PBXNativeTarget;
			buildConfigurationList = 43EDE723192FD6E000E0069E /* Build configuration list for PBXNativeTarget "Sort_and_BS" */;
			buildPhases = (
				43EDE715192FD6DF00E0069E /* Sources */,
				43EDE716192FD6DF00E0069E /* Frameworks */,
				43EDE717192FD6DF00E0069E /* CopyFiles */,
			);
			buildRules = (
			);
			dependencies = (
			);
			name = Sort_and_BS;
			productName = Sort_and_BS;
			productReference = 43EDE719192FD6E000E0069E /* Sort_and_BS */;
			productType = "com.apple.product-type.tool";
		};
/* End PBXNativeTarget section */

/* Begin PBXProject section */
		43EDE710192FD6DF00E0069E /* Project object */ = {
			isa = PBXProject;
			attributes = {
				LastUpgradeCheck = 0430;
			};
			buildConfigurationList = 43EDE713192FD6DF00E0069E /* Build configuration list for PBXProject "Sort_and_BS" */;
			compatibilityVersion = "Xcode 3.2";
			developmentRegion = English;
			hasScannedForEncodings = 0;
			knownRegions = (
				en,
			);
			mainGroup = 43EDE70E192FD6DF00E0069E;
			productRefGroup = 43EDE71A192FD6E000E0069E /* Products */;
			projectDirPath = "";
			projectRoot = "";
			targets = (
				43EDE718192FD6DF00E0069E /* Sort_and_BS */,
			);
		};
/* End PBXProject section */

/* Begin PBXSourcesBuildPhase section */
		43EDE715192FD6DF00E0069E /* Sources */ = {
			isa = PBXSourcesBuildPhase;
			buildActionMask = 2147483647;
			files = (
				4341743519339081000AF3F4 /* netcheck.cpp in Sources */,
			);
			runOnlyForDeploymentPostprocessing = 0;
		};
/* End PBXSourcesBuildPhase section */

/* Begin XCBuildConfiguration section */
		43EDE721192FD6E000E0069E /* Debug */ = {
			isa = XCBuildConfiguration;
			buildSettings = {
				ALWAYS_SEARCH_USER_PATHS = NO;
				ARCHS = "$(ARCHS_STANDARD_64_BIT)";
				CLANG_ENABLE_OBJC_ARC = YES;
				COPY_PHASE_STRIP = NO;
				GCC_C_LANGUAGE_STANDARD = gnu99;
				GCC_DYNAMIC_NO_PIC = NO;
				GCC_ENABLE_OBJC_EXCEPTIONS = YES;
				GCC_OPTIMIZATION_LEVEL = 0;
				GCC_PREPROCESSOR_DEFINITIONS = (
					"DEBUG=1",
					"$(inherited)",
				);
				GCC_SYMBOLS_PRIVATE_EXTERN = NO;
				GCC_VERSION = com.apple.compilers.llvm.clang.1_0;
				GCC_WARN_64_TO_32_BIT_CONVERSION = YES;
				GCC_WARN_ABOUT_RETURN_TYPE = YES;
				GCC_WARN_UNINITIALIZED_AUTOS = YES;
				GCC_WARN_UNUSED_VARIABLE = YES;
				MACOSX_DEPLOYMENT_TARGET = 10.7;
				ONLY_ACTIVE_ARCH = YES;
				SDKROOT = macosx;
			};
			name = Debug;
		};
		43EDE722192FD6E000E0069E /* Release */ = {
			isa = XCBuildConfiguration;
			buildSettings = {
				ALWAYS_SEARCH_USER_PATHS = NO;
				ARCHS = "$(ARCHS_STANDARD_64_BIT)";
				CLANG_ENABLE_OBJC_ARC = YES;
				COPY_PHASE_STRIP = YES;
				DEBUG_INFORMATION_FORMAT = "dwarf-with-dsym";
				GCC_C_LANGUAGE_STANDARD = gnu99;
				GCC_ENABLE_OBJC_EXCEPTIONS = YES;
				GCC_VERSION = com.apple.compilers.llvm.clang.1_0;
				GCC_WARN_64_TO_32_BIT_CONVERSION = YES;
				GCC_WARN_ABOUT_RETURN_TYPE = YES;
				GCC_WARN_UNINITIALIZED_AUTOS = YES;
				GCC_WARN_UNUSED_VARIABLE = YES;
				MACOSX_DEPLOYMENT_TARGET = 10.7;
				SDKROOT = macosx;
			};
			name = Release;
		};
		43EDE724192FD6E000E0069E /* Debug */ = {
			isa = XCBuildConfiguration;
			buildSettings = {
				PRODUCT_NAME = "$(TARGET_NAME)";
			};
			name = Debug;
		};
		43EDE725192FD6E000E0069E /* Release */ = {
			isa = XCBuildConfiguration;
			buildSettings = {
				PRODUCT_NAME = "$(TARGET_NAME)";
			};
			name = Release;
		};
/* End XCBuildConfiguration section */

/* Begin XCConfigurationList section */
		43EDE713192FD6DF00E0069E /* Build configuration list for PBXProject "Sort_and_BS" */ = {
			isa = XCConfigurationList;
			buildConfigurations = (
				43EDE721192FD6E000E0069E /* Debug */,
				43EDE722192FD6E000E0069E /* Release */,
			);
			defaultConfigurationIsVisible = 0;
			defaultConfigurationName = Release;
		};
		43EDE723192FD6E000E0069E /* Build configuration list for PBXNativeTarget "Sort_and_BS" */ = {
			isa = XCConfigurationList;
			buildConfigurations = (
				43EDE724192FD6E000E0069E /* Debug */,
				43EDE725192FD6E000E0069E /* Release */,
			);
			defaultConfigurationIsVisible = 0;
			defaultConfigurationName = Release;
		};
/* End XCConfigurationList section */
	};
	rootObject = 43EDE710192FD6DF00E0069E /* Project object */;
}
