// !$*UTF8*$!
{
	archiveVersion = 1;
	classes = {
	};
	objectVersion = 46;
	objects = {

/* Begin PBXBuildFile section */
		43765B7D18EF33E8007313E4 /* Binary_Tree_Search.cpp in Sources */ = {isa = PBXBuildFile; fileRef = 43765B7C18EF33E8007313E4 /* Binary_Tree_Search.cpp */; };
		43765B7F18EF33E8007313E4 /* Trees.1 in CopyFiles */ = {isa = PBXBuildFile; fileRef = 43765B7E18EF33E8007313E4 /* Trees.1 */; };
/* End PBXBuildFile section */

/* Begin PBXCopyFilesBuildPhase section */
		43765B7618EF33E8007313E4 /* CopyFiles */ = {
			isa = PBXCopyFilesBuildPhase;
			buildActionMask = 2147483647;
			dstPath = /usr/share/man/man1/;
			dstSubfolderSpec = 0;
			files = (
				43765B7F18EF33E8007313E4 /* Trees.1 in CopyFiles */,
			);
			runOnlyForDeploymentPostprocessing = 1;
		};
/* End PBXCopyFilesBuildPhase section */

/* Begin PBXFileReference section */
		43765B7818EF33E8007313E4 /* Trees */ = {isa = PBXFileReference; explicitFileType = "compiled.mach-o.executable"; includeInIndex = 0; path = Trees; sourceTree = BUILT_PRODUCTS_DIR; };
		43765B7C18EF33E8007313E4 /* Binary_Tree_Search.cpp */ = {isa = PBXFileReference; lastKnownFileType = sourcecode.cpp.cpp; path = Binary_Tree_Search.cpp; sourceTree = "<group>"; };
		43765B7E18EF33E8007313E4 /* Trees.1 */ = {isa = PBXFileReference; lastKnownFileType = text.man; path = Trees.1; sourceTree = "<group>"; };
/* End PBXFileReference section */

/* Begin PBXFrameworksBuildPhase section */
		43765B7518EF33E8007313E4 /* Frameworks */ = {
			isa = PBXFrameworksBuildPhase;
			buildActionMask = 2147483647;
			files = (
			);
			runOnlyForDeploymentPostprocessing = 0;
		};
/* End PBXFrameworksBuildPhase section */

/* Begin PBXGroup section */
		43765B6D18EF33E8007313E4 = {
			isa = PBXGroup;
			children = (
				43765B7B18EF33E8007313E4 /* Trees */,
				43765B7918EF33E8007313E4 /* Products */,
			);
			sourceTree = "<group>";
		};
		43765B7918EF33E8007313E4 /* Products */ = {
			isa = PBXGroup;
			children = (
				43765B7818EF33E8007313E4 /* Trees */,
			);
			name = Products;
			sourceTree = "<group>";
		};
		43765B7B18EF33E8007313E4 /* Trees */ = {
			isa = PBXGroup;
			children = (
				43765B7C18EF33E8007313E4 /* Binary_Tree_Search.cpp */,
				43765B7E18EF33E8007313E4 /* Trees.1 */,
			);
			path = Trees;
			sourceTree = "<group>";
		};
/* End PBXGroup section */

/* Begin PBXNativeTarget section */
		43765B7718EF33E8007313E4 /* Trees */ = {
			isa = PBXNativeTarget;
			buildConfigurationList = 43765B8218EF33E8007313E4 /* Build configuration list for PBXNativeTarget "Trees" */;
			buildPhases = (
				43765B7418EF33E8007313E4 /* Sources */,
				43765B7518EF33E8007313E4 /* Frameworks */,
				43765B7618EF33E8007313E4 /* CopyFiles */,
			);
			buildRules = (
			);
			dependencies = (
			);
			name = Trees;
			productName = Trees;
			productReference = 43765B7818EF33E8007313E4 /* Trees */;
			productType = "com.apple.product-type.tool";
		};
/* End PBXNativeTarget section */

/* Begin PBXProject section */
		43765B6F18EF33E8007313E4 /* Project object */ = {
			isa = PBXProject;
			attributes = {
				LastUpgradeCheck = 0430;
			};
			buildConfigurationList = 43765B7218EF33E8007313E4 /* Build configuration list for PBXProject "Trees" */;
			compatibilityVersion = "Xcode 3.2";
			developmentRegion = English;
			hasScannedForEncodings = 0;
			knownRegions = (
				en,
			);
			mainGroup = 43765B6D18EF33E8007313E4;
			productRefGroup = 43765B7918EF33E8007313E4 /* Products */;
			projectDirPath = "";
			projectRoot = "";
			targets = (
				43765B7718EF33E8007313E4 /* Trees */,
			);
		};
/* End PBXProject section */

/* Begin PBXSourcesBuildPhase section */
		43765B7418EF33E8007313E4 /* Sources */ = {
			isa = PBXSourcesBuildPhase;
			buildActionMask = 2147483647;
			files = (
				43765B7D18EF33E8007313E4 /* Binary_Tree_Search.cpp in Sources */,
			);
			runOnlyForDeploymentPostprocessing = 0;
		};
/* End PBXSourcesBuildPhase section */

/* Begin XCBuildConfiguration section */
		43765B8018EF33E8007313E4 /* Debug */ = {
			isa = XCBuildConfiguration;
			buildSettings = {
				ALWAYS_SEARCH_USER_PATHS = NO;
				ARCHS = "$(ARCHS_STANDARD_64_BIT)";
				CLANG_ENABLE_OBJC_ARC = YES;
				COPY_PHASE_STRIP = NO;
				GCC_C_LANGUAGE_STANDARD = gnu99;
				GCC_DYNAMIC_NO_PIC = NO;
				GCC_ENABLE_OBJC_EXCEPTIONS = YES;
				GCC_OPTIMIZATION_LEVEL = 0;
				GCC_PREPROCESSOR_DEFINITIONS = (
					"DEBUG=1",
					"$(inherited)",
				);
				GCC_SYMBOLS_PRIVATE_EXTERN = NO;
				GCC_VERSION = com.apple.compilers.llvm.clang.1_0;
				GCC_WARN_64_TO_32_BIT_CONVERSION = YES;
				GCC_WARN_ABOUT_RETURN_TYPE = YES;
				GCC_WARN_UNINITIALIZED_AUTOS = YES;
				GCC_WARN_UNUSED_VARIABLE = YES;
				MACOSX_DEPLOYMENT_TARGET = 10.7;
				ONLY_ACTIVE_ARCH = YES;
				SDKROOT = macosx;
			};
			name = Debug;
		};
		43765B8118EF33E8007313E4 /* Release */ = {
			isa = XCBuildConfiguration;
			buildSettings = {
				ALWAYS_SEARCH_USER_PATHS = NO;
				ARCHS = "$(ARCHS_STANDARD_64_BIT)";
				CLANG_ENABLE_OBJC_ARC = YES;
				COPY_PHASE_STRIP = YES;
				DEBUG_INFORMATION_FORMAT = "dwarf-with-dsym";
				GCC_C_LANGUAGE_STANDARD = gnu99;
				GCC_ENABLE_OBJC_EXCEPTIONS = YES;
				GCC_VERSION = com.apple.compilers.llvm.clang.1_0;
				GCC_WARN_64_TO_32_BIT_CONVERSION = YES;
				GCC_WARN_ABOUT_RETURN_TYPE = YES;
				GCC_WARN_UNINITIALIZED_AUTOS = YES;
				GCC_WARN_UNUSED_VARIABLE = YES;
				MACOSX_DEPLOYMENT_TARGET = 10.7;
				SDKROOT = macosx;
			};
			name = Release;
		};
		43765B8318EF33E8007313E4 /* Debug */ = {
			isa = XCBuildConfiguration;
			buildSettings = {
				PRODUCT_NAME = "$(TARGET_NAME)";
			};
			name = Debug;
		};
		43765B8418EF33E8007313E4 /* Release */ = {
			isa = XCBuildConfiguration;
			buildSettings = {
				PRODUCT_NAME = "$(TARGET_NAME)";
			};
			name = Release;
		};
/* End XCBuildConfiguration section */

/* Begin XCConfigurationList section */
		43765B7218EF33E8007313E4 /* Build configuration list for PBXProject "Trees" */ = {
			isa = XCConfigurationList;
			buildConfigurations = (
				43765B8018EF33E8007313E4 /* Debug */,
				43765B8118EF33E8007313E4 /* Release */,
			);
			defaultConfigurationIsVisible = 0;
			defaultConfigurationName = Release;
		};
		43765B8218EF33E8007313E4 /* Build configuration list for PBXNativeTarget "Trees" */ = {
			isa = XCConfigurationList;
			buildConfigurations = (
				43765B8318EF33E8007313E4 /* Debug */,
				43765B8418EF33E8007313E4 /* Release */,
			);
			defaultConfigurationIsVisible = 0;
		};
/* End XCConfigurationList section */
	};
	rootObject = 43765B6F18EF33E8007313E4 /* Project object */;
}
